
Microsoft Visual Studio Solution File, Format Version 12.00
# Visual Studio Version 16
VisualStudioVersion = 16.0.30523.141
MinimumVisualStudioVersion = 10.0.40219.1
Project("{FAE04EC0-301F-11D3-BF4B-00C04F79EFBC}") = "TestTask", "TestTask\TestTask.csproj", "{03D625A7-88CC-44A8-92DB-43EB9666C5F9}"
EndProject
Global
	GlobalSection(SolutionConfigurationPlatforms) = preSolution
		Debug|Any CPU = Debug|Any CPU
		Release|Any CPU = Release|Any CPU
	EndGlobalSection
	GlobalSection(ProjectConfigurationPlatforms) = postSolution
		{03D625A7-88CC-44A8-92DB-43EB9666C5F9}.Debug|Any CPU.ActiveCfg = Debug|Any CPU
		{03D625A7-88CC-44A8-92DB-43EB9666C5F9}.Debug|Any CPU.Build.0 = Debug|Any CPU
		{03D625A7-88CC-44A8-92DB-43EB9666C5F9}.Release|Any CPU.ActiveCfg = Release|Any CPU
		{03D625A7-88CC-44A8-92DB-43EB9666C5F9}.Release|Any CPU.Build.0 = Release|Any CPU
	EndGlobalSection
	GlobalSection(SolutionProperties) = preSolution
		HideSolutionNode = FALSE
	EndGlobalSection
	GlobalSection(ExtensibilityGlobals) = postSolution
		SolutionGuid = {61A3A26D-9045-4C1D-B6CC-2C4597503FAC}
	EndGlobalSection
EndGlobal
